{
    "_readme": [
        "This file locks the dependencies of your project to a known state",
        "Read more about it at https://getcomposer.org/doc/01-basic-usage.md#installing-dependencies",
        "This file is @generated automatically"
    ],
    "content-hash": "89ee0e05e062de5a71479f698138e527",
    "packages": [
        {
            "name": "monolog/monolog",
            "version": "1.0.2",
            "source": {
                "type": "git",
                "url": "https://github.com/Seldaek/monolog.git",
                "reference": "b704c49a3051536f67f2d39f13568f74615b9922"
            },
            "dist": {
                "type": "zip",
                "url": "https://api.github.com/repos/Seldaek/monolog/zipball/b704c49a3051536f67f2d39f13568f74615b9922",
                "reference": "b704c49a3051536f67f2d39f13568f74615b9922",
                "shasum": ""
            },
            "require": {
                "php": ">=5.3.0"
            },
            "type": "library",
            "autoload": {
                "psr-0": {
                    "Monolog": "src/"
                }
            },
            "notification-url": "https://packagist.org/downloads/",
            "license": [
                "MIT"
            ],
            "authors": [
                {
                    "name": "Jordi Boggiano",
                    "email": "j.boggiano@seld.be",
                    "homepage": "http://seld.be",
                    "role": "Developer"
                }
            ],
            "description": "Logging for PHP 5.3",
            "homepage": "http://github.com/Seldaek/monolog",
            "keywords": [
                "log",
                "logging"
            ],
            "time": "2011-10-24T09:39:02+00:00"
        },
        {
            "name": "s9e/text-formatter",
            "version": "1.2.0",
            "source": {
                "type": "git",
                "url": "https://github.com/s9e/TextFormatter.git",
                "reference": "4707decabdbe76c0aa87cf59681386477334ae8c"
            },
            "dist": {
                "type": "zip",
                "url": "https://api.github.com/repos/s9e/TextFormatter/zipball/4707decabdbe76c0aa87cf59681386477334ae8c",
                "reference": "4707decabdbe76c0aa87cf59681386477334ae8c",
                "shasum": ""
            },
            "require": {
                "ext-dom": "*",
                "ext-filter": "*",
                "lib-pcre": ">=7.2",
                "php": ">=5.4.7"
            },
            "require-dev": {
                "matthiasmullie/minify": "*",
                "php-coveralls/php-coveralls": "*",
                "s9e/regexp-builder": "1.*"
            },
            "suggest": {
                "ext-curl": "Improves the performance of the MediaEmbed plugin and some JavaScript minifiers",
                "ext-intl": "Allows international URLs to be accepted by the URL filter",
                "ext-json": "Enables the generation of a JavaScript parser",
                "ext-mbstring": "Improves the performance of the PHP renderer",
                "ext-tokenizer": "Improves the performance of the PHP renderer",
                "ext-xsl": "Enables the XSLT renderer",
                "ext-zlib": "Enables gzip compression when scraping content via the MediaEmbed plugin"
            },
            "type": "library",
            "autoload": {
                "psr-4": {
                    "s9e\\TextFormatter\\": "src"
                }
            },
            "notification-url": "https://packagist.org/downloads/",
            "license": [
                "MIT"
            ],
            "description": "Multi-purpose text formatting and markup library. Plugins offer support for BBCodes, Markdown, emoticons, HTML, embedding media (YouTube, etc...), enhanced typography and more.",
            "homepage": "https://github.com/s9e/TextFormatter/",
            "keywords": [
                "bbcode",
                "bbcodes",
                "blog",
                "censor",
                "embed",
                "emoji",
                "emoticons",
                "engine",
                "forum",
                "html",
                "markdown",
                "markup",
                "media",
                "parser",
                "shortcodes"
            ],
            "time": "2018-06-08T22:38:54+00:00"
        }
    ],
    "packages-dev": [],
    "aliases": [],
    "minimum-stability": "stable",
    "stability-flags": [],
    "prefer-stable": false,
    "prefer-lowest": false,
    "platform": [],
    "platform-dev": []
}
